{
    "name": "skipped-tests-finder",
    "version": "2.2.3",
    "lockfileVersion": 2,
    "requires": true,
    "packages": {
        "": {
            "name": "skipped-tests-finder",
            "version": "2.2.3",
            "license": "MIT",
            "bin": {
                "skipped-tests-finder": "bin/skipped-tests-finder"
            },
            "engines": {
                "node": ">=10.0.0"
            }
        }
    }
}
